// !$*UTF8*$!
{
	archiveVersion = 1;
	classes = {
	};
	objectVersion = 48;
	objects = {

/* Begin PBXBuildFile section */
		62E848691FF1AAAA004D0C85 /* AppDelegate.swift in Sources */ = {isa = PBXBuildFile; fileRef = 62E848681FF1AAAA004D0C85 /* AppDelegate.swift */; };
		62E8486B1FF1AAAA004D0C85 /* ViewController.swift in Sources */ = {isa = PBXBuildFile; fileRef = 62E8486A1FF1AAAA004D0C85 /* ViewController.swift */; };
		62E8486E1FF1AAAA004D0C85 /* Main.storyboard in Resources */ = {isa = PBXBuildFile; fileRef = 62E8486C1FF1AAAA004D0C85 /* Main.storyboard */; };
		62E848701FF1AAAA004D0C85 /* Assets.xcassets in Resources */ = {isa = PBXBuildFile; fileRef = 62E8486F1FF1AAAA004D0C85 /* Assets.xcassets */; };
		62E848731FF1AAAA004D0C85 /* LaunchScreen.storyboard in Resources */ = {isa = PBXBuildFile; fileRef = 62E848711FF1AAAA004D0C85 /* LaunchScreen.storyboard */; };
		62E8487E1FF1AAAA004D0C85 /* testtranstionTests.swift in Sources */ = {isa = PBXBuildFile; fileRef = 62E8487D1FF1AAAA004D0C85 /* testtranstionTests.swift */; };
		62E848891FF1AAAA004D0C85 /* testtranstionUITests.swift in Sources */ = {isa = PBXBuildFile; fileRef = 62E848881FF1AAAA004D0C85 /* testtranstionUITests.swift */; };
		62E848971FF1AF20004D0C85 /* ViewControllerX.swift in Sources */ = {isa = PBXBuildFile; fileRef = 62E848961FF1AF20004D0C85 /* ViewControllerX.swift */; };
/* End PBXBuildFile section */

/* Begin PBXContainerItemProxy section */
		62E8487A1FF1AAAA004D0C85 /* PBXContainerItemProxy */ = {
			isa = PBXContainerItemProxy;
			containerPortal = 62E8485D1FF1AAAA004D0C85 /* Project object */;
			proxyType = 1;
			remoteGlobalIDString = 62E848641FF1AAAA004D0C85;
			remoteInfo = testtranstion;
		};
		62E848851FF1AAAA004D0C85 /* PBXContainerItemProxy */ = {
			isa = PBXContainerItemProxy;
			containerPortal = 62E8485D1FF1AAAA004D0C85 /* Project object */;
			proxyType = 1;
			remoteGlobalIDString = 62E848641FF1AAAA004D0C85;
			remoteInfo = testtranstion;
		};
/* End PBXContainerItemProxy section */

/* Begin PBXFileReference section */
		62E848651FF1AAAA004D0C85 /* testtranstion.app */ = {isa = PBXFileReference; explicitFileType = wrapper.application; includeInIndex = 0; path = testtranstion.app; sourceTree = BUILT_PRODUCTS_DIR; };
		62E848681FF1AAAA004D0C85 /* AppDelegate.swift */ = {isa = PBXFileReference; lastKnownFileType = sourcecode.swift; path = AppDelegate.swift; sourceTree = "<group>"; };
		62E8486A1FF1AAAA004D0C85 /* ViewController.swift */ = {isa = PBXFileReference; lastKnownFileType = sourcecode.swift; path = ViewController.swift; sourceTree = "<group>"; };
		62E8486D1FF1AAAA004D0C85 /* Base */ = {isa = PBXFileReference; lastKnownFileType = file.storyboard; name = Base; path = Base.lproj/Main.storyboard; sourceTree = "<group>"; };
		62E8486F1FF1AAAA004D0C85 /* Assets.xcassets */ = {isa = PBXFileReference; lastKnownFileType = folder.assetcatalog; path = Assets.xcassets; sourceTree = "<group>"; };
		62E848721FF1AAAA004D0C85 /* Base */ = {isa = PBXFileReference; lastKnownFileType = file.storyboard; name = Base; path = Base.lproj/LaunchScreen.storyboard; sourceTree = "<group>"; };
		62E848741FF1AAAA004D0C85 /* Info.plist */ = {isa = PBXFileReference; lastKnownFileType = text.plist.xml; path = Info.plist; sourceTree = "<group>"; };
		62E848791FF1AAAA004D0C85 /* testtranstionTests.xctest */ = {isa = PBXFileReference; explicitFileType = wrapper.cfbundle; includeInIndex = 0; path = testtranstionTests.xctest; sourceTree = BUILT_PRODUCTS_DIR; };
		62E8487D1FF1AAAA004D0C85 /* testtranstionTests.swift */ = {isa = PBXFileReference; lastKnownFileType = sourcecode.swift; path = testtranstionTests.swift; sourceTree = "<group>"; };
		62E8487F1FF1AAAA004D0C85 /* Info.plist */ = {isa = PBXFileReference; lastKnownFileType = text.plist.xml; path = Info.plist; sourceTree = "<group>"; };
		62E848841FF1AAAA004D0C85 /* testtranstionUITests.xctest */ = {isa = PBXFileReference; explicitFileType = wrapper.cfbundle; includeInIndex = 0; path = testtranstionUITests.xctest; sourceTree = BUILT_PRODUCTS_DIR; };
		62E848881FF1AAAA004D0C85 /* testtranstionUITests.swift */ = {isa = PBXFileReference; lastKnownFileType = sourcecode.swift; path = testtranstionUITests.swift; sourceTree = "<group>"; };
		62E8488A1FF1AAAA004D0C85 /* Info.plist */ = {isa = PBXFileReference; lastKnownFileType = text.plist.xml; path = Info.plist; sourceTree = "<group>"; };
		62E848961FF1AF20004D0C85 /* ViewControllerX.swift */ = {isa = PBXFileReference; lastKnownFileType = sourcecode.swift; path = ViewControllerX.swift; sourceTree = "<group>"; };
/* End PBXFileReference section */

/* Begin PBXFrameworksBuildPhase section */
		62E848621FF1AAAA004D0C85 /* Frameworks */ = {
			isa = PBXFrameworksBuildPhase;
			buildActionMask = 2147483647;
			files = (
			);
			runOnlyForDeploymentPostprocessing = 0;
		};
		62E848761FF1AAAA004D0C85 /* Frameworks */ = {
			isa = PBXFrameworksBuildPhase;
			buildActionMask = 2147483647;
			files = (
			);
			runOnlyForDeploymentPostprocessing = 0;
		};
		62E848811FF1AAAA004D0C85 /* Frameworks */ = {
			isa = PBXFrameworksBuildPhase;
			buildActionMask = 2147483647;
			files = (
			);
			runOnlyForDeploymentPostprocessing = 0;
		};
/* End PBXFrameworksBuildPhase section */

/* Begin PBXGroup section */
		62E8485C1FF1AAAA004D0C85 = {
			isa = PBXGroup;
			children = (
				62E848671FF1AAAA004D0C85 /* testtranstion */,
				62E8487C1FF1AAAA004D0C85 /* testtranstionTests */,
				62E848871FF1AAAA004D0C85 /* testtranstionUITests */,
				62E848661FF1AAAA004D0C85 /* Products */,
			);
			sourceTree = "<group>";
		};
		62E848661FF1AAAA004D0C85 /* Products */ = {
			isa = PBXGroup;
			children = (
				62E848651FF1AAAA004D0C85 /* testtranstion.app */,
				62E848791FF1AAAA004D0C85 /* testtranstionTests.xctest */,
				62E848841FF1AAAA004D0C85 /* testtranstionUITests.xctest */,
			);
			name = Products;
			sourceTree = "<group>";
		};
		62E848671FF1AAAA004D0C85 /* testtranstion */ = {
			isa = PBXGroup;
			children = (
				62E848681FF1AAAA004D0C85 /* AppDelegate.swift */,
				62E8486A1FF1AAAA004D0C85 /* ViewController.swift */,
				62E848961FF1AF20004D0C85 /* ViewControllerX.swift */,
				62E8486C1FF1AAAA004D0C85 /* Main.storyboard */,
				62E8486F1FF1AAAA004D0C85 /* Assets.xcassets */,
				62E848711FF1AAAA004D0C85 /* LaunchScreen.storyboard */,
				62E848741FF1AAAA004D0C85 /* Info.plist */,
			);
			path = testtranstion;
			sourceTree = "<group>";
		};
		62E8487C1FF1AAAA004D0C85 /* testtranstionTests */ = {
			isa = PBXGroup;
			children = (
				62E8487D1FF1AAAA004D0C85 /* testtranstionTests.swift */,
				62E8487F1FF1AAAA004D0C85 /* Info.plist */,
			);
			path = testtranstionTests;
			sourceTree = "<group>";
		};
		62E848871FF1AAAA004D0C85 /* testtranstionUITests */ = {
			isa = PBXGroup;
			children = (
				62E848881FF1AAAA004D0C85 /* testtranstionUITests.swift */,
				62E8488A1FF1AAAA004D0C85 /* Info.plist */,
			);
			path = testtranstionUITests;
			sourceTree = "<group>";
		};
/* End PBXGroup section */

/* Begin PBXNativeTarget section */
		62E848641FF1AAAA004D0C85 /* testtranstion */ = {
			isa = PBXNativeTarget;
			buildConfigurationList = 62E8488D1FF1AAAA004D0C85 /* Build configuration list for PBXNativeTarget "testtranstion" */;
			buildPhases = (
				62E848611FF1AAAA004D0C85 /* Sources */,
				62E848621FF1AAAA004D0C85 /* Frameworks */,
				62E848631FF1AAAA004D0C85 /* Resources */,
			);
			buildRules = (
			);
			dependencies = (
			);
			name = testtranstion;
			productName = testtranstion;
			productReference = 62E848651FF1AAAA004D0C85 /* testtranstion.app */;
			productType = "com.apple.product-type.application";
		};
		62E848781FF1AAAA004D0C85 /* testtranstionTests */ = {
			isa = PBXNativeTarget;
			buildConfigurationList = 62E848901FF1AAAA004D0C85 /* Build configuration list for PBXNativeTarget "testtranstionTests" */;
			buildPhases = (
				62E848751FF1AAAA004D0C85 /* Sources */,
				62E848761FF1AAAA004D0C85 /* Frameworks */,
				62E848771FF1AAAA004D0C85 /* Resources */,
			);
			buildRules = (
			);
			dependencies = (
				62E8487B1FF1AAAA004D0C85 /* PBXTargetDependency */,
			);
			name = testtranstionTests;
			productName = testtranstionTests;
			productReference = 62E848791FF1AAAA004D0C85 /* testtranstionTests.xctest */;
			productType = "com.apple.product-type.bundle.unit-test";
		};
		62E848831FF1AAAA004D0C85 /* testtranstionUITests */ = {
			isa = PBXNativeTarget;
			buildConfigurationList = 62E848931FF1AAAA004D0C85 /* Build configuration list for PBXNativeTarget "testtranstionUITests" */;
			buildPhases = (
				62E848801FF1AAAA004D0C85 /* Sources */,
				62E848811FF1AAAA004D0C85 /* Frameworks */,
				62E848821FF1AAAA004D0C85 /* Resources */,
			);
			buildRules = (
			);
			dependencies = (
				62E848861FF1AAAA004D0C85 /* PBXTargetDependency */,
			);
			name = testtranstionUITests;
			productName = testtranstionUITests;
			productReference = 62E848841FF1AAAA004D0C85 /* testtranstionUITests.xctest */;
			productType = "com.apple.product-type.bundle.ui-testing";
		};
/* End PBXNativeTarget section */

/* Begin PBXProject section */
		62E8485D1FF1AAAA004D0C85 /* Project object */ = {
			isa = PBXProject;
			attributes = {
				LastSwiftUpdateCheck = 0900;
				LastUpgradeCheck = 0900;
				ORGANIZATIONNAME = Elnemer;
				TargetAttributes = {
					62E848641FF1AAAA004D0C85 = {
						CreatedOnToolsVersion = 9.0.1;
						ProvisioningStyle = Automatic;
					};
					62E848781FF1AAAA004D0C85 = {
						CreatedOnToolsVersion = 9.0.1;
						ProvisioningStyle = Automatic;
						TestTargetID = 62E848641FF1AAAA004D0C85;
					};
					62E848831FF1AAAA004D0C85 = {
						CreatedOnToolsVersion = 9.0.1;
						ProvisioningStyle = Automatic;
						TestTargetID = 62E848641FF1AAAA004D0C85;
					};
				};
			};
			buildConfigurationList = 62E848601FF1AAAA004D0C85 /* Build configuration list for PBXProject "testtranstion" */;
			compatibilityVersion = "Xcode 8.0";
			developmentRegion = en;
			hasScannedForEncodings = 0;
			knownRegions = (
				en,
				Base,
			);
			mainGroup = 62E8485C1FF1AAAA004D0C85;
			productRefGroup = 62E848661FF1AAAA004D0C85 /* Products */;
			projectDirPath = "";
			projectRoot = "";
			targets = (
				62E848641FF1AAAA004D0C85 /* testtranstion */,
				62E848781FF1AAAA004D0C85 /* testtranstionTests */,
				62E848831FF1AAAA004D0C85 /* testtranstionUITests */,
			);
		};
/* End PBXProject section */

/* Begin PBXResourcesBuildPhase section */
		62E848631FF1AAAA004D0C85 /* Resources */ = {
			isa = PBXResourcesBuildPhase;
			buildActionMask = 2147483647;
			files = (
				62E848731FF1AAAA004D0C85 /* LaunchScreen.storyboard in Resources */,
				62E848701FF1AAAA004D0C85 /* Assets.xcassets in Resources */,
				62E8486E1FF1AAAA004D0C85 /* Main.storyboard in Resources */,
			);
			runOnlyForDeploymentPostprocessing = 0;
		};
		62E848771FF1AAAA004D0C85 /* Resources */ = {
			isa = PBXResourcesBuildPhase;
			buildActionMask = 2147483647;
			files = (
			);
			runOnlyForDeploymentPostprocessing = 0;
		};
		62E848821FF1AAAA004D0C85 /* Resources */ = {
			isa = PBXResourcesBuildPhase;
			buildActionMask = 2147483647;
			files = (
			);
			runOnlyForDeploymentPostprocessing = 0;
		};
/* End PBXResourcesBuildPhase section */

/* Begin PBXSourcesBuildPhase section */
		62E848611FF1AAAA004D0C85 /* Sources */ = {
			isa = PBXSourcesBuildPhase;
			buildActionMask = 2147483647;
			files = (
				62E8486B1FF1AAAA004D0C85 /* ViewController.swift in Sources */,
				62E848971FF1AF20004D0C85 /* ViewControllerX.swift in Sources */,
				62E848691FF1AAAA004D0C85 /* AppDelegate.swift in Sources */,
			);
			runOnlyForDeploymentPostprocessing = 0;
		};
		62E848751FF1AAAA004D0C85 /* Sources */ = {
			isa = PBXSourcesBuildPhase;
			buildActionMask = 2147483647;
			files = (
				62E8487E1FF1AAAA004D0C85 /* testtranstionTests.swift in Sources */,
			);
			runOnlyForDeploymentPostprocessing = 0;
		};
		62E848801FF1AAAA004D0C85 /* Sources */ = {
			isa = PBXSourcesBuildPhase;
			buildActionMask = 2147483647;
			files = (
				62E848891FF1AAAA004D0C85 /* testtranstionUITests.swift in Sources */,
			);
			runOnlyForDeploymentPostprocessing = 0;
		};
/* End PBXSourcesBuildPhase section */

/* Begin PBXTargetDependency section */
		62E8487B1FF1AAAA004D0C85 /* PBXTargetDependency */ = {
			isa = PBXTargetDependency;
			target = 62E848641FF1AAAA004D0C85 /* testtranstion */;
			targetProxy = 62E8487A1FF1AAAA004D0C85 /* PBXContainerItemProxy */;
		};
		62E848861FF1AAAA004D0C85 /* PBXTargetDependency */ = {
			isa = PBXTargetDependency;
			target = 62E848641FF1AAAA004D0C85 /* testtranstion */;
			targetProxy = 62E848851FF1AAAA004D0C85 /* PBXContainerItemProxy */;
		};
/* End PBXTargetDependency section */

/* Begin PBXVariantGroup section */
		62E8486C1FF1AAAA004D0C85 /* Main.storyboard */ = {
			isa = PBXVariantGroup;
			children = (
				62E8486D1FF1AAAA004D0C85 /* Base */,
			);
			name = Main.storyboard;
			sourceTree = "<group>";
		};
		62E848711FF1AAAA004D0C85 /* LaunchScreen.storyboard */ = {
			isa = PBXVariantGroup;
			children = (
				62E848721FF1AAAA004D0C85 /* Base */,
			);
			name = LaunchScreen.storyboard;
			sourceTree = "<group>";
		};
/* End PBXVariantGroup section */

/* Begin XCBuildConfiguration section */
		62E8488B1FF1AAAA004D0C85 /* Debug */ = {
			isa = XCBuildConfiguration;
			buildSettings = {
				ALWAYS_SEARCH_USER_PATHS = NO;
				CLANG_ANALYZER_NONNULL = YES;
				CLANG_ANALYZER_NUMBER_OBJECT_CONVERSION = YES_AGGRESSIVE;
				CLANG_CXX_LANGUAGE_STANDARD = "gnu++14";
				CLANG_CXX_LIBRARY = "libc++";
				CLANG_ENABLE_MODULES = YES;
				CLANG_ENABLE_OBJC_ARC = YES;
				CLANG_WARN_BLOCK_CAPTURE_AUTORELEASING = YES;
				CLANG_WARN_BOOL_CONVERSION = YES;
				CLANG_WARN_COMMA = YES;
				CLANG_WARN_CONSTANT_CONVERSION = YES;
				CLANG_WARN_DIRECT_OBJC_ISA_USAGE = YES_ERROR;
				CLANG_WARN_DOCUMENTATION_COMMENTS = YES;
				CLANG_WARN_EMPTY_BODY = YES;
				CLANG_WARN_ENUM_CONVERSION = YES;
				CLANG_WARN_INFINITE_RECURSION = YES;
				CLANG_WARN_INT_CONVERSION = YES;
				CLANG_WARN_NON_LITERAL_NULL_CONVERSION = YES;
				CLANG_WARN_OBJC_LITERAL_CONVERSION = YES;
				CLANG_WARN_OBJC_ROOT_CLASS = YES_ERROR;
				CLANG_WARN_RANGE_LOOP_ANALYSIS = YES;
				CLANG_WARN_STRICT_PROTOTYPES = YES;
				CLANG_WARN_SUSPICIOUS_MOVE = YES;
				CLANG_WARN_UNGUARDED_AVAILABILITY = YES_AGGRESSIVE;
				CLANG_WARN_UNREACHABLE_CODE = YES;
				CLANG_WARN__DUPLICATE_METHOD_MATCH = YES;
				CODE_SIGN_IDENTITY = "iPhone Developer";
				COPY_PHASE_STRIP = NO;
				DEBUG_INFORMATION_FORMAT = dwarf;
				ENABLE_STRICT_OBJC_MSGSEND = YES;
				ENABLE_TESTABILITY = YES;
				GCC_C_LANGUAGE_STANDARD = gnu11;
				GCC_DYNAMIC_NO_PIC = NO;
				GCC_NO_COMMON_BLOCKS = YES;
				GCC_OPTIMIZATION_LEVEL = 0;
				GCC_PREPROCESSOR_DEFINITIONS = (
					"DEBUG=1",
					"$(inherited)",
				);
				GCC_WARN_64_TO_32_BIT_CONVERSION = YES;
				GCC_WARN_ABOUT_RETURN_TYPE = YES_ERROR;
				GCC_WARN_UNDECLARED_SELECTOR = YES;
				GCC_WARN_UNINITIALIZED_AUTOS = YES_AGGRESSIVE;
				GCC_WARN_UNUSED_FUNCTION = YES;
				GCC_WARN_UNUSED_VARIABLE = YES;
				IPHONEOS_DEPLOYMENT_TARGET = 11.0;
				MTL_ENABLE_DEBUG_INFO = YES;
				ONLY_ACTIVE_ARCH = YES;
				SDKROOT = iphoneos;
				SWIFT_ACTIVE_COMPILATION_CONDITIONS = DEBUG;
				SWIFT_OPTIMIZATION_LEVEL = "-Onone";
			};
			name = Debug;
		};
		62E8488C1FF1AAAA004D0C85 /* Release */ = {
			isa = XCBuildConfiguration;
			buildSettings = {
				ALWAYS_SEARCH_USER_PATHS = NO;
				CLANG_ANALYZER_NONNULL = YES;
				CLANG_ANALYZER_NUMBER_OBJECT_CONVERSION = YES_AGGRESSIVE;
				CLANG_CXX_LANGUAGE_STANDARD = "gnu++14";
				CLANG_CXX_LIBRARY = "libc++";
				CLANG_ENABLE_MODULES = YES;
				CLANG_ENABLE_OBJC_ARC = YES;
				CLANG_WARN_BLOCK_CAPTURE_AUTORELEASING = YES;
				CLANG_WARN_BOOL_CONVERSION = YES;
				CLANG_WARN_COMMA = YES;
				CLANG_WARN_CONSTANT_CONVERSION = YES;
				CLANG_WARN_DIRECT_OBJC_ISA_USAGE = YES_ERROR;
				CLANG_WARN_DOCUMENTATION_COMMENTS = YES;
				CLANG_WARN_EMPTY_BODY = YES;
				CLANG_WARN_ENUM_CONVERSION = YES;
				CLANG_WARN_INFINITE_RECURSION = YES;
				CLANG_WARN_INT_CONVERSION = YES;
				CLANG_WARN_NON_LITERAL_NULL_CONVERSION = YES;
				CLANG_WARN_OBJC_LITERAL_CONVERSION = YES;
				CLANG_WARN_OBJC_ROOT_CLASS = YES_ERROR;
				CLANG_WARN_RANGE_LOOP_ANALYSIS = YES;
				CLANG_WARN_STRICT_PROTOTYPES = YES;
				CLANG_WARN_SUSPICIOUS_MOVE = YES;
				CLANG_WARN_UNGUARDED_AVAILABILITY = YES_AGGRESSIVE;
				CLANG_WARN_UNREACHABLE_CODE = YES;
				CLANG_WARN__DUPLICATE_METHOD_MATCH = YES;
				CODE_SIGN_IDENTITY = "iPhone Developer";
				COPY_PHASE_STRIP = NO;
				DEBUG_INFORMATION_FORMAT = "dwarf-with-dsym";
				ENABLE_NS_ASSERTIONS = NO;
				ENABLE_STRICT_OBJC_MSGSEND = YES;
				GCC_C_LANGUAGE_STANDARD = gnu11;
				GCC_NO_COMMON_BLOCKS = YES;
				GCC_WARN_64_TO_32_BIT_CONVERSION = YES;
				GCC_WARN_ABOUT_RETURN_TYPE = YES_ERROR;
				GCC_WARN_UNDECLARED_SELECTOR = YES;
				GCC_WARN_UNINITIALIZED_AUTOS = YES_AGGRESSIVE;
				GCC_WARN_UNUSED_FUNCTION = YES;
				GCC_WARN_UNUSED_VARIABLE = YES;
				IPHONEOS_DEPLOYMENT_TARGET = 11.0;
				MTL_ENABLE_DEBUG_INFO = NO;
				SDKROOT = iphoneos;
				SWIFT_OPTIMIZATION_LEVEL = "-Owholemodule";
				VALIDATE_PRODUCT = YES;
			};
			name = Release;
		};
		62E8488E1FF1AAAA004D0C85 /* Debug */ = {
			isa = XCBuildConfiguration;
			buildSettings = {
				ASSETCATALOG_COMPILER_APPICON_NAME = AppIcon;
				CODE_SIGN_STYLE = Automatic;
				DEVELOPMENT_TEAM = FENGYB397G;
				INFOPLIST_FILE = testtranstion/Info.plist;
				LD_RUNPATH_SEARCH_PATHS = "$(inherited) @executable_path/Frameworks";
				PRODUCT_BUNDLE_IDENTIFIER = Elnemer.testtranstion;
				PRODUCT_NAME = "$(TARGET_NAME)";
				SWIFT_VERSION = 4.0;
				TARGETED_DEVICE_FAMILY = "1,2";
			};
			name = Debug;
		};
		62E8488F1FF1AAAA004D0C85 /* Release */ = {
			isa = XCBuildConfiguration;
			buildSettings = {
				ASSETCATALOG_COMPILER_APPICON_NAME = AppIcon;
				CODE_SIGN_STYLE = Automatic;
				DEVELOPMENT_TEAM = FENGYB397G;
				INFOPLIST_FILE = testtranstion/Info.plist;
				LD_RUNPATH_SEARCH_PATHS = "$(inherited) @executable_path/Frameworks";
				PRODUCT_BUNDLE_IDENTIFIER = Elnemer.testtranstion;
				PRODUCT_NAME = "$(TARGET_NAME)";
				SWIFT_VERSION = 4.0;
				TARGETED_DEVICE_FAMILY = "1,2";
			};
			name = Release;
		};
		62E848911FF1AAAA004D0C85 /* Debug */ = {
			isa = XCBuildConfiguration;
			buildSettings = {
				ALWAYS_EMBED_SWIFT_STANDARD_LIBRARIES = YES;
				BUNDLE_LOADER = "$(TEST_HOST)";
				CODE_SIGN_STYLE = Automatic;
				DEVELOPMENT_TEAM = FENGYB397G;
				INFOPLIST_FILE = testtranstionTests/Info.plist;
				LD_RUNPATH_SEARCH_PATHS = "$(inherited) @executable_path/Frameworks @loader_path/Frameworks";
				PRODUCT_BUNDLE_IDENTIFIER = Elnemer.testtranstionTests;
				PRODUCT_NAME = "$(TARGET_NAME)";
				SWIFT_VERSION = 4.0;
				TARGETED_DEVICE_FAMILY = "1,2";
				TEST_HOST = "$(BUILT_PRODUCTS_DIR)/testtranstion.app/testtranstion";
			};
			name = Debug;
		};
		62E848921FF1AAAA004D0C85 /* Release */ = {
			isa = XCBuildConfiguration;
			buildSettings = {
				ALWAYS_EMBED_SWIFT_STANDARD_LIBRARIES = YES;
				BUNDLE_LOADER = "$(TEST_HOST)";
				CODE_SIGN_STYLE = Automatic;
				DEVELOPMENT_TEAM = FENGYB397G;
				INFOPLIST_FILE = testtranstionTests/Info.plist;
				LD_RUNPATH_SEARCH_PATHS = "$(inherited) @executable_path/Frameworks @loader_path/Frameworks";
				PRODUCT_BUNDLE_IDENTIFIER = Elnemer.testtranstionTests;
				PRODUCT_NAME = "$(TARGET_NAME)";
				SWIFT_VERSION = 4.0;
				TARGETED_DEVICE_FAMILY = "1,2";
				TEST_HOST = "$(BUILT_PRODUCTS_DIR)/testtranstion.app/testtranstion";
			};
			name = Release;
		};
		62E848941FF1AAAA004D0C85 /* Debug */ = {
			isa = XCBuildConfiguration;
			buildSettings = {
				ALWAYS_EMBED_SWIFT_STANDARD_LIBRARIES = YES;
				CODE_SIGN_STYLE = Automatic;
				DEVELOPMENT_TEAM = FENGYB397G;
				INFOPLIST_FILE = testtranstionUITests/Info.plist;
				LD_RUNPATH_SEARCH_PATHS = "$(inherited) @executable_path/Frameworks @loader_path/Frameworks";
				PRODUCT_BUNDLE_IDENTIFIER = Elnemer.testtranstionUITests;
				PRODUCT_NAME = "$(TARGET_NAME)";
				SWIFT_VERSION = 4.0;
				TARGETED_DEVICE_FAMILY = "1,2";
				TEST_TARGET_NAME = testtranstion;
			};
			name = Debug;
		};
		62E848951FF1AAAA004D0C85 /* Release */ = {
			isa = XCBuildConfiguration;
			buildSettings = {
				ALWAYS_EMBED_SWIFT_STANDARD_LIBRARIES = YES;
				CODE_SIGN_STYLE = Automatic;
				DEVELOPMENT_TEAM = FENGYB397G;
				INFOPLIST_FILE = testtranstionUITests/Info.plist;
				LD_RUNPATH_SEARCH_PATHS = "$(inherited) @executable_path/Frameworks @loader_path/Frameworks";
				PRODUCT_BUNDLE_IDENTIFIER = Elnemer.testtranstionUITests;
				PRODUCT_NAME = "$(TARGET_NAME)";
				SWIFT_VERSION = 4.0;
				TARGETED_DEVICE_FAMILY = "1,2";
				TEST_TARGET_NAME = testtranstion;
			};
			name = Release;
		};
/* End XCBuildConfiguration section */

/* Begin XCConfigurationList section */
		62E848601FF1AAAA004D0C85 /* Build configuration list for PBXProject "testtranstion" */ = {
			isa = XCConfigurationList;
			buildConfigurations = (
				62E8488B1FF1AAAA004D0C85 /* Debug */,
				62E8488C1FF1AAAA004D0C85 /* Release */,
			);
			defaultConfigurationIsVisible = 0;
			defaultConfigurationName = Release;
		};
		62E8488D1FF1AAAA004D0C85 /* Build configuration list for PBXNativeTarget "testtranstion" */ = {
			isa = XCConfigurationList;
			buildConfigurations = (
				62E8488E1FF1AAAA004D0C85 /* Debug */,
				62E8488F1FF1AAAA004D0C85 /* Release */,
			);
			defaultConfigurationIsVisible = 0;
			defaultConfigurationName = Release;
		};
		62E848901FF1AAAA004D0C85 /* Build configuration list for PBXNativeTarget "testtranstionTests" */ = {
			isa = XCConfigurationList;
			buildConfigurations = (
				62E848911FF1AAAA004D0C85 /* Debug */,
				62E848921FF1AAAA004D0C85 /* Release */,
			);
			defaultConfigurationIsVisible = 0;
			defaultConfigurationName = Release;
		};
		62E848931FF1AAAA004D0C85 /* Build configuration list for PBXNativeTarget "testtranstionUITests" */ = {
			isa = XCConfigurationList;
			buildConfigurations = (
				62E848941FF1AAAA004D0C85 /* Debug */,
				62E848951FF1AAAA004D0C85 /* Release */,
			);
			defaultConfigurationIsVisible = 0;
			defaultConfigurationName = Release;
		};
/* End XCConfigurationList section */
	};
	rootObject = 62E8485D1FF1AAAA004D0C85 /* Project object */;
}
